
Microsoft Visual Studio Solution File, Format Version 12.00
# Visual Studio Version 16
VisualStudioVersion = 16.0.30104.148
MinimumVisualStudioVersion = 10.0.40219.1
Project("{FAE04EC0-301F-11D3-BF4B-00C04F79EFBC}") = "MvcMovie", "MvcMovie\MvcMovie.csproj", "{111D2D55-9FE0-4978-8B37-97A1F76A8FD4}"
EndProject
Global
	GlobalSection(SolutionConfigurationPlatforms) = preSolution
		Debug|Any CPU = Debug|Any CPU
		Release|Any CPU = Release|Any CPU
	EndGlobalSection
	GlobalSection(ProjectConfigurationPlatforms) = postSolution
		{111D2D55-9FE0-4978-8B37-97A1F76A8FD4}.Debug|Any CPU.ActiveCfg = Debug|Any CPU
		{111D2D55-9FE0-4978-8B37-97A1F76A8FD4}.Debug|Any CPU.Build.0 = Debug|Any CPU
		{111D2D55-9FE0-4978-8B37-97A1F76A8FD4}.Release|Any CPU.ActiveCfg = Release|Any CPU
		{111D2D55-9FE0-4978-8B37-97A1F76A8FD4}.Release|Any CPU.Build.0 = Release|Any CPU
	EndGlobalSection
	GlobalSection(SolutionProperties) = preSolution
		HideSolutionNode = FALSE
	EndGlobalSection
	GlobalSection(ExtensibilityGlobals) = postSolution
		SolutionGuid = {7197D1D1-8ABC-47D9-BF82-C46E4052D6BE}
	EndGlobalSection
EndGlobal
